
Microsoft Visual Studio Solution File, Format Version 12.00
# Visual Studio Version 16
VisualStudioVersion = 16.0.31911.196
MinimumVisualStudioVersion = 10.0.40219.1
Project("{9A19103F-16F7-4668-BE54-9A1E7A4F7556}") = "Ims.Data", "Ims.Data\Ims.Data.csproj", "{433958FC-1CC4-4847-A198-13D824F402AE}"
EndProject
Project("{9A19103F-16F7-4668-BE54-9A1E7A4F7556}") = "lms.Model", "lms.Model\lms.Model.csproj", "{53BDD167-FC85-43E0-BCE0-DAE070879BC0}"
EndProject
Project("{9A19103F-16F7-4668-BE54-9A1E7A4F7556}") = "lms.Repository", "lms.Repository\lms.Repository.csproj", "{217A1ECD-4888-4718-8ADD-AD42B0B2756F}"
EndProject
Project("{9A19103F-16F7-4668-BE54-9A1E7A4F7556}") = "lms.Service", "lms.Service\lms.Service.csproj", "{037E389C-EF7F-4354-9773-DDB088DCF7FF}"
EndProject
Project("{9A19103F-16F7-4668-BE54-9A1E7A4F7556}") = "lms.Web", "lms.Web\lms.Web.csproj", "{A788B41D-F312-4C2A-A72D-BB94F0823379}"
EndProject
Global
	GlobalSection(SolutionConfigurationPlatforms) = preSolution
		Debug|Any CPU = Debug|Any CPU
		Release|Any CPU = Release|Any CPU
	EndGlobalSection
	GlobalSection(ProjectConfigurationPlatforms) = postSolution
		{433958FC-1CC4-4847-A198-13D824F402AE}.Debug|Any CPU.ActiveCfg = Debug|Any CPU
		{433958FC-1CC4-4847-A198-13D824F402AE}.Debug|Any CPU.Build.0 = Debug|Any CPU
		{433958FC-1CC4-4847-A198-13D824F402AE}.Release|Any CPU.ActiveCfg = Release|Any CPU
		{433958FC-1CC4-4847-A198-13D824F402AE}.Release|Any CPU.Build.0 = Release|Any CPU
		{53BDD167-FC85-43E0-BCE0-DAE070879BC0}.Debug|Any CPU.ActiveCfg = Debug|Any CPU
		{53BDD167-FC85-43E0-BCE0-DAE070879BC0}.Debug|Any CPU.Build.0 = Debug|Any CPU
		{53BDD167-FC85-43E0-BCE0-DAE070879BC0}.Release|Any CPU.ActiveCfg = Release|Any CPU
		{53BDD167-FC85-43E0-BCE0-DAE070879BC0}.Release|Any CPU.Build.0 = Release|Any CPU
		{217A1ECD-4888-4718-8ADD-AD42B0B2756F}.Debug|Any CPU.ActiveCfg = Debug|Any CPU
		{217A1ECD-4888-4718-8ADD-AD42B0B2756F}.Debug|Any CPU.Build.0 = Debug|Any CPU
		{217A1ECD-4888-4718-8ADD-AD42B0B2756F}.Release|Any CPU.ActiveCfg = Release|Any CPU
		{217A1ECD-4888-4718-8ADD-AD42B0B2756F}.Release|Any CPU.Build.0 = Release|Any CPU
		{037E389C-EF7F-4354-9773-DDB088DCF7FF}.Debug|Any CPU.ActiveCfg = Debug|Any CPU
		{037E389C-EF7F-4354-9773-DDB088DCF7FF}.Debug|Any CPU.Build.0 = Debug|Any CPU
		{037E389C-EF7F-4354-9773-DDB088DCF7FF}.Release|Any CPU.ActiveCfg = Release|Any CPU
		{037E389C-EF7F-4354-9773-DDB088DCF7FF}.Release|Any CPU.Build.0 = Release|Any CPU
		{A788B41D-F312-4C2A-A72D-BB94F0823379}.Debug|Any CPU.ActiveCfg = Debug|Any CPU
		{A788B41D-F312-4C2A-A72D-BB94F0823379}.Debug|Any CPU.Build.0 = Debug|Any CPU
		{A788B41D-F312-4C2A-A72D-BB94F0823379}.Release|Any CPU.ActiveCfg = Release|Any CPU
		{A788B41D-F312-4C2A-A72D-BB94F0823379}.Release|Any CPU.Build.0 = Release|Any CPU
	EndGlobalSection
	GlobalSection(SolutionProperties) = preSolution
		HideSolutionNode = FALSE
	EndGlobalSection
	GlobalSection(ExtensibilityGlobals) = postSolution
		SolutionGuid = {832AE6C1-6BF4-4B15-A41A-17C49D356F3D}
	EndGlobalSection
EndGlobal
